{
  "projects": [
    {
      "projectId": "hjKYmYi6HMwK6TRyk7ew5R",
      "version": "6.12.0",
      "dependencies": {},
      "lang": "ts",
      "fileLocks": [
        {
          "assetId": "hjKYmYi6HMwK6TRyk7ew5R",
          "type": "projectCss",
          "checksum": "e2a20cff976d3b9fabfeecba32540b91"
        },
        {
          "assetId": "hjKYmYi6HMwK6TRyk7ew5R",
          "checksum": "090afba908f762c0bd0061c3d5d62529",
          "type": "globalContexts"
        }
      ],
      "codegenVersion": "0.0.1"
    },
    {
      "projectId": "bsdq7xoP2pzFcwsFmrBqbQ",
      "version": "latest",
      "dependencies": {
        "hjKYmYi6HMwK6TRyk7ew5R": "6.12.0",
        "7nJ7UcFmq9UzB6eXfC5z4a": "0.10.0"
      },
      "lang": "ts",
      "fileLocks": [
        {
          "type": "globalVariant",
          "assetId": "qh_VEIUW7DoWy",
          "checksum": "de0917600cc2091627ac7389b0e83eca"
        },
        {
          "assetId": "bsdq7xoP2pzFcwsFmrBqbQ",
          "checksum": "4f35fa9aa38d108eeccfa1a65388605e",
          "type": "globalContexts"
        },
        {
          "type": "renderModule",
          "assetId": "U8q5q9cPYjI_",
          "checksum": "3ec6fcd60251ad17c86c1d2c5fa34623"
        },
        {
          "type": "cssRules",
          "assetId": "U8q5q9cPYjI_",
          "checksum": "3ec6fcd60251ad17c86c1d2c5fa34623"
        },
        {
          "type": "renderModule",
          "assetId": "ULVeuTxZEp",
          "checksum": "740156e4c6a5ef92a678674bb00223e3"
        },
        {
          "type": "cssRules",
          "assetId": "ULVeuTxZEp",
          "checksum": "740156e4c6a5ef92a678674bb00223e3"
        },
        {
          "type": "icon",
          "assetId": "apJy6ukxCAgZ",
          "checksum": "59a2e42ebe2e2563f8ede2e2d9abeb62"
        },
        {
          "type": "icon",
          "assetId": "Wfp_Xo9VW0xk",
          "checksum": "25cf4c187b7969e3f47c5ee928c9ea00"
        },
        {
          "type": "icon",
          "assetId": "VDlxFkaX2KjV",
          "checksum": "552ed4ccac66cdaf943be398e7fdc84a"
        },
        {
          "type": "icon",
          "assetId": "M1zLUtYzy300",
          "checksum": "44d61b014dca804e3ebfebb9cde731cb"
        },
        {
          "type": "image",
          "assetId": "2JIpYt3UFl9q",
          "checksum": "ddb760bd22cae69169e99b9a893c2267"
        },
        {
          "type": "image",
          "assetId": "Eaa3aR9W6GLF",
          "checksum": "4e72abc0bb7ec1cfc813c3016a8ebb81"
        },
        {
          "assetId": "bsdq7xoP2pzFcwsFmrBqbQ",
          "type": "projectCss",
          "checksum": "83fdb603d243fd807a22bdc0a95a024d"
        },
        {
          "type": "renderModule",
          "assetId": "q9ZECAWfv9",
          "checksum": "829742471b60c18cc9f4b357c9acfa96"
        },
        {
          "type": "cssRules",
          "assetId": "q9ZECAWfv9",
          "checksum": "829742471b60c18cc9f4b357c9acfa96"
        },
        {
          "type": "renderModule",
          "assetId": "n_grIcLMnU",
          "checksum": "ad37c622dbf2ac012e31c3f43045316a"
        },
        {
          "type": "cssRules",
          "assetId": "n_grIcLMnU",
          "checksum": "ad37c622dbf2ac012e31c3f43045316a"
        },
        {
          "type": "renderModule",
          "assetId": "Adgj4buiGIlu",
          "checksum": "bc4ee590aea4e74f9df9991f4aacbed6"
        },
        {
          "type": "cssRules",
          "assetId": "Adgj4buiGIlu",
          "checksum": "bc4ee590aea4e74f9df9991f4aacbed6"
        },
        {
          "type": "icon",
          "assetId": "2MZdP3FKN0MA",
          "checksum": "492d026afcc3276dde3d40705adf8622"
        },
        {
          "type": "icon",
          "assetId": "pbVxMiTpse5C",
          "checksum": "8602aa085a13a8652532dd54b0dbe2a7"
        },
        {
          "type": "icon",
          "assetId": "ANuRgSwgb05n",
          "checksum": "0ffa655d6c0923df1f8fb6f7fe01abe3"
        },
        {
          "type": "image",
          "assetId": "8fvUa1PNtaRy",
          "checksum": "ca3d332c15e21db280497df624a290a6"
        },
        {
          "type": "image",
          "assetId": "YPhifC6ptvd6",
          "checksum": "35df74ace27b4d18a3e1249523843d7b"
        },
        {
          "type": "image",
          "assetId": "SXT4HSRNYBNU",
          "checksum": "ee0c3302760d32a7879b75c0a1d18b1d"
        },
        {
          "type": "image",
          "assetId": "NFzqdhw9Caxj",
          "checksum": "6a9f73c94d90b0e0f54239c91350b2fe"
        },
        {
          "type": "image",
          "assetId": "oYHVvT6KHBGX",
          "checksum": "c23d08198787fef58d3fd973481fb972"
        },
        {
          "type": "image",
          "assetId": "uLiq1QRNdxAF",
          "checksum": "d1267c50b2e1edf005d03ae5000f4937"
        },
        {
          "type": "image",
          "assetId": "ZVqITbCZ9U7g",
          "checksum": "5575903bb187e5b9657007565f5a5871"
        },
        {
          "type": "image",
          "assetId": "C41ELgftkNmC",
          "checksum": "83e7e4e3a751231b370293d53887dc21"
        },
        {
          "type": "image",
          "assetId": "XpQSX12IZMnb",
          "checksum": "aa6c59577bf595dc7cfecf8ec3e3caaf"
        },
        {
          "type": "image",
          "assetId": "IItI0jEc76yd",
          "checksum": "aca861ce0aba6ab5b431a82289538a11"
        },
        {
          "type": "image",
          "assetId": "zHtnvcPq0ECS",
          "checksum": "51fbdfec0d37f12940fc5e9292cda411"
        },
        {
          "type": "image",
          "assetId": "9HWm38QjS2zz",
          "checksum": "b25c73525b4b5a2e57b700c91824df38"
        },
        {
          "type": "image",
          "assetId": "5F3PpBzmrQV3",
          "checksum": "1231d9c595c33843535cd29aed7b3c4f"
        },
        {
          "type": "image",
          "assetId": "DM4Kij3D74vu",
          "checksum": "3895b3914323c6d31ff0c1709780ce97"
        },
        {
          "type": "image",
          "assetId": "EFUvcQ5htq8w",
          "checksum": "a05880b336d10b412c156f696155e7c9"
        },
        {
          "type": "image",
          "assetId": "V8UlqBPAU7dM",
          "checksum": "4c99fddab87a2a09bd16f9c7863cd6b5"
        },
        {
          "type": "image",
          "assetId": "GZkjFW71cw1f",
          "checksum": "b7dc7f1c975f5f0ae2b979e82d1b413a"
        },
        {
          "type": "image",
          "assetId": "gcKX_-Hzh6Rb",
          "checksum": "226ca3b10c3426106e7a7862308f0520"
        },
        {
          "type": "image",
          "assetId": "tQOTBMNA45mX",
          "checksum": "ae26addc13b7b8543918a480c131b04a"
        },
        {
          "type": "image",
          "assetId": "esB773pxmqI5",
          "checksum": "5e8be717eda1c9b3e93661fe416c48fc"
        },
        {
          "type": "image",
          "assetId": "DH4q39XATix_",
          "checksum": "5f4c754cbb3b53890a089df1eefa256f"
        },
        {
          "type": "image",
          "assetId": "FCGTBoBmI8C4",
          "checksum": "8474953bcfbbe49a278e1c296686ce5e"
        },
        {
          "type": "image",
          "assetId": "S7xPxs2xStuA",
          "checksum": "10e80322928ede5d2daecb7635694d3c"
        },
        {
          "type": "image",
          "assetId": "_2-dfAmoPpp8",
          "checksum": "e3805a87ab1364480096c8e516079fb8"
        },
        {
          "type": "image",
          "assetId": "GQ0Vv4m7kVqM",
          "checksum": "fe24d48e0edc6253dd3d709a4f29ee5b"
        },
        {
          "type": "image",
          "assetId": "7WsKm3XwgvNC",
          "checksum": "67b5e50f713bf9616d761c719b6c0c8b"
        },
        {
          "type": "image",
          "assetId": "H2nRMzygNvU7",
          "checksum": "6af643e259f084ea9fd5130eb4236eb8"
        },
        {
          "type": "image",
          "assetId": "DPqiK7Hv7Oon",
          "checksum": "c26efab76c892728519b97568cc66e1c"
        }
      ],
      "codegenVersion": "0.0.1"
    },
    {
      "projectId": "7nJ7UcFmq9UzB6eXfC5z4a",
      "version": "0.10.0",
      "dependencies": {},
      "lang": "ts",
      "fileLocks": [
        {
          "assetId": "7nJ7UcFmq9UzB6eXfC5z4a",
          "type": "projectCss",
          "checksum": "8cf9dfd353bbaf2b2583e7046e8136fb"
        }
      ],
      "codegenVersion": "0.0.1"
    }
  ],
  "cliVersion": "0.1.216"
}
